
Microsoft Visual Studio Solution File, Format Version 12.00
# Visual Studio Version 16
VisualStudioVersion = 16.0.30104.148
MinimumVisualStudioVersion = 10.0.40219.1
Project("{FAE04EC0-301F-11D3-BF4B-00C04F79EFBC}") = "FolderCompare", "FolderCompare.csproj", "{40B0748D-B247-4FBA-A3B1-80C98E870C21}"
EndProject
Global
	GlobalSection(SolutionConfigurationPlatforms) = preSolution
		Debug|Any CPU = Debug|Any CPU
		Release|Any CPU = Release|Any CPU
	EndGlobalSection
	GlobalSection(ProjectConfigurationPlatforms) = postSolution
		{40B0748D-B247-4FBA-A3B1-80C98E870C21}.Debug|Any CPU.ActiveCfg = Debug|Any CPU
		{40B0748D-B247-4FBA-A3B1-80C98E870C21}.Debug|Any CPU.Build.0 = Debug|Any CPU
		{40B0748D-B247-4FBA-A3B1-80C98E870C21}.Release|Any CPU.ActiveCfg = Release|Any CPU
		{40B0748D-B247-4FBA-A3B1-80C98E870C21}.Release|Any CPU.Build.0 = Release|Any CPU
	EndGlobalSection
	GlobalSection(SolutionProperties) = preSolution
		HideSolutionNode = FALSE
	EndGlobalSection
	GlobalSection(ExtensibilityGlobals) = postSolution
		SolutionGuid = {8436A133-FB27-40E9-ADBB-3F6950425443}
	EndGlobalSection
EndGlobal
